# This file is generated by running "yarn install" inside your project.
# Manual changes might be lost - proceed with caution!

__metadata:
  version: 8
  cacheKey: 10c0

"@louy/ts-gettext-extractor@workspace:.":
  version: 0.0.0-use.local
  resolution: "@louy/ts-gettext-extractor@workspace:."
  languageName: unknown
  linkType: soft

"ts-gettext-extractor-darwin-arm64@npm:*, ts-gettext-extractor-darwin-arm64@workspace:packages/ts-gettext-extractor-darwin-arm64":
  version: 0.0.0-use.local
  resolution: "ts-gettext-extractor-darwin-arm64@workspace:packages/ts-gettext-extractor-darwin-arm64"
  languageName: unknown
  linkType: soft

"ts-gettext-extractor-darwin-x64@npm:*, ts-gettext-extractor-darwin-x64@workspace:packages/ts-gettext-extractor-darwin-x64":
  version: 0.0.0-use.local
  resolution: "ts-gettext-extractor-darwin-x64@workspace:packages/ts-gettext-extractor-darwin-x64"
  languageName: unknown
  linkType: soft

"ts-gettext-extractor@workspace:packages/ts-gettext-extractor":
  version: 0.0.0-use.local
  resolution: "ts-gettext-extractor@workspace:packages/ts-gettext-extractor"
  dependencies:
    ts-gettext-extractor-darwin-arm64: "npm:*"
    ts-gettext-extractor-darwin-x64: "npm:*"
  dependenciesMeta:
    ts-gettext-extractor-darwin-arm64:
      optional: true
    ts-gettext-extractor-darwin-x64:
      optional: true
  bin:
    ts-gettext-extractor: ./index.js
  languageName: unknown
  linkType: soft
