# This file is generated by running "yarn install" inside your project.
# Manual changes might be lost - proceed with caution!

__metadata:
  version: 8
  cacheKey: 10c0

"@louy/ts-gettext-extractor@workspace:.":
  version: 0.0.0-use.local
  resolution: "@louy/ts-gettext-extractor@workspace:."
  languageName: unknown
  linkType: soft

"ts-gettext-extractor-darwin-arm64@npm:0.0.11, ts-gettext-extractor-darwin-arm64@workspace:packages/ts-gettext-extractor-darwin-arm64":
  version: 0.0.0-use.local
  resolution: "ts-gettext-extractor-darwin-arm64@workspace:packages/ts-gettext-extractor-darwin-arm64"
  languageName: unknown
  linkType: soft

"ts-gettext-extractor-darwin-x64@npm:0.0.11, ts-gettext-extractor-darwin-x64@workspace:packages/ts-gettext-extractor-darwin-x64":
  version: 0.0.0-use.local
  resolution: "ts-gettext-extractor-darwin-x64@workspace:packages/ts-gettext-extractor-darwin-x64"
  languageName: unknown
  linkType: soft

"ts-gettext-extractor-linux-arm64-gnu@npm:0.0.11, ts-gettext-extractor-linux-arm64-gnu@workspace:packages/ts-gettext-extractor-linux-arm64-gnu":
  version: 0.0.0-use.local
  resolution: "ts-gettext-extractor-linux-arm64-gnu@workspace:packages/ts-gettext-extractor-linux-arm64-gnu"
  languageName: unknown
  linkType: soft

"ts-gettext-extractor-linux-arm64-musl@npm:0.0.11, ts-gettext-extractor-linux-arm64-musl@workspace:packages/ts-gettext-extractor-linux-arm64-musl":
  version: 0.0.0-use.local
  resolution: "ts-gettext-extractor-linux-arm64-musl@workspace:packages/ts-gettext-extractor-linux-arm64-musl"
  languageName: unknown
  linkType: soft

"ts-gettext-extractor-linux-x64-gnu@npm:0.0.11, ts-gettext-extractor-linux-x64-gnu@workspace:packages/ts-gettext-extractor-linux-x64-gnu":
  version: 0.0.0-use.local
  resolution: "ts-gettext-extractor-linux-x64-gnu@workspace:packages/ts-gettext-extractor-linux-x64-gnu"
  languageName: unknown
  linkType: soft

"ts-gettext-extractor-linux-x64-musl@npm:0.0.11, ts-gettext-extractor-linux-x64-musl@workspace:packages/ts-gettext-extractor-linux-x64-musl":
  version: 0.0.0-use.local
  resolution: "ts-gettext-extractor-linux-x64-musl@workspace:packages/ts-gettext-extractor-linux-x64-musl"
  languageName: unknown
  linkType: soft

"ts-gettext-extractor@workspace:packages/ts-gettext-extractor":
  version: 0.0.0-use.local
  resolution: "ts-gettext-extractor@workspace:packages/ts-gettext-extractor"
  dependencies:
    ts-gettext-extractor-darwin-arm64: "npm:0.0.11"
    ts-gettext-extractor-darwin-x64: "npm:0.0.11"
    ts-gettext-extractor-linux-arm64-gnu: "npm:0.0.11"
    ts-gettext-extractor-linux-arm64-musl: "npm:0.0.11"
    ts-gettext-extractor-linux-x64-gnu: "npm:0.0.11"
    ts-gettext-extractor-linux-x64-musl: "npm:0.0.11"
  dependenciesMeta:
    ts-gettext-extractor-darwin-arm64:
      optional: true
    ts-gettext-extractor-darwin-x64:
      optional: true
    ts-gettext-extractor-linux-arm64-gnu:
      optional: true
    ts-gettext-extractor-linux-arm64-musl:
      optional: true
    ts-gettext-extractor-linux-x64-gnu:
      optional: true
    ts-gettext-extractor-linux-x64-musl:
      optional: true
  bin:
    ts-gettext-extractor: ./index.mjs
  languageName: unknown
  linkType: soft
